// !$*UTF8*$!
{
	archiveVersion = 1;
	classes = {
	};
	objectVersion = 48;
	objects = {

/* Begin PBXBuildFile section */
		27E63DEF1FFD0446007E3B2E /* AppDelegate.swift in Sources */ = {isa = PBXBuildFile; fileRef = 27E63DEE1FFD0446007E3B2E /* AppDelegate.swift */; };
		27E63DF11FFD0446007E3B2E /* ViewController.swift in Sources */ = {isa = PBXBuildFile; fileRef = 27E63DF01FFD0446007E3B2E /* ViewController.swift */; };
		27E63DF41FFD0446007E3B2E /* Main.storyboard in Resources */ = {isa = PBXBuildFile; fileRef = 27E63DF21FFD0446007E3B2E /* Main.storyboard */; };
		27E63DF71FFD0446007E3B2E /* FunnyMath.xcdatamodeld in Sources */ = {isa = PBXBuildFile; fileRef = 27E63DF51FFD0446007E3B2E /* FunnyMath.xcdatamodeld */; };
		27E63DF91FFD0446007E3B2E /* Assets.xcassets in Resources */ = {isa = PBXBuildFile; fileRef = 27E63DF81FFD0446007E3B2E /* Assets.xcassets */; };
		27E63DFC1FFD0446007E3B2E /* LaunchScreen.storyboard in Resources */ = {isa = PBXBuildFile; fileRef = 27E63DFA1FFD0446007E3B2E /* LaunchScreen.storyboard */; };
		27E63E0E1FFD04B2007E3B2E /* note3.png in Resources */ = {isa = PBXBuildFile; fileRef = 27E63E091FFD04B2007E3B2E /* note3.png */; };
		27E63E0F1FFD04B2007E3B2E /* board.png in Resources */ = {isa = PBXBuildFile; fileRef = 27E63E0A1FFD04B2007E3B2E /* board.png */; };
		27E63E101FFD04B2007E3B2E /* note1.png in Resources */ = {isa = PBXBuildFile; fileRef = 27E63E0B1FFD04B2007E3B2E /* note1.png */; };
		27E63E111FFD04B2007E3B2E /* background.jpg in Resources */ = {isa = PBXBuildFile; fileRef = 27E63E0C1FFD04B2007E3B2E /* background.jpg */; };
		27E63E121FFD04B2007E3B2E /* note2.png in Resources */ = {isa = PBXBuildFile; fileRef = 27E63E0D1FFD04B2007E3B2E /* note2.png */; };
/* End PBXBuildFile section */

/* Begin PBXFileReference section */
		27E63DEB1FFD0446007E3B2E /* FunnyMath.app */ = {isa = PBXFileReference; explicitFileType = wrapper.application; includeInIndex = 0; path = FunnyMath.app; sourceTree = BUILT_PRODUCTS_DIR; };
		27E63DEE1FFD0446007E3B2E /* AppDelegate.swift */ = {isa = PBXFileReference; lastKnownFileType = sourcecode.swift; path = AppDelegate.swift; sourceTree = "<group>"; };
		27E63DF01FFD0446007E3B2E /* ViewController.swift */ = {isa = PBXFileReference; lastKnownFileType = sourcecode.swift; path = ViewController.swift; sourceTree = "<group>"; };
		27E63DF31FFD0446007E3B2E /* Base */ = {isa = PBXFileReference; lastKnownFileType = file.storyboard; name = Base; path = Base.lproj/Main.storyboard; sourceTree = "<group>"; };
		27E63DF61FFD0446007E3B2E /* FunnyMath.xcdatamodel */ = {isa = PBXFileReference; lastKnownFileType = wrapper.xcdatamodel; path = FunnyMath.xcdatamodel; sourceTree = "<group>"; };
		27E63DF81FFD0446007E3B2E /* Assets.xcassets */ = {isa = PBXFileReference; lastKnownFileType = folder.assetcatalog; path = Assets.xcassets; sourceTree = "<group>"; };
		27E63DFB1FFD0446007E3B2E /* Base */ = {isa = PBXFileReference; lastKnownFileType = file.storyboard; name = Base; path = Base.lproj/LaunchScreen.storyboard; sourceTree = "<group>"; };
		27E63DFD1FFD0446007E3B2E /* Info.plist */ = {isa = PBXFileReference; lastKnownFileType = text.plist.xml; path = Info.plist; sourceTree = "<group>"; };
		27E63E091FFD04B2007E3B2E /* note3.png */ = {isa = PBXFileReference; lastKnownFileType = image.png; path = note3.png; sourceTree = "<group>"; };
		27E63E0A1FFD04B2007E3B2E /* board.png */ = {isa = PBXFileReference; lastKnownFileType = image.png; path = board.png; sourceTree = "<group>"; };
		27E63E0B1FFD04B2007E3B2E /* note1.png */ = {isa = PBXFileReference; lastKnownFileType = image.png; path = note1.png; sourceTree = "<group>"; };
		27E63E0C1FFD04B2007E3B2E /* background.jpg */ = {isa = PBXFileReference; lastKnownFileType = image.jpeg; path = background.jpg; sourceTree = "<group>"; };
		27E63E0D1FFD04B2007E3B2E /* note2.png */ = {isa = PBXFileReference; lastKnownFileType = image.png; path = note2.png; sourceTree = "<group>"; };
/* End PBXFileReference section */

/* Begin PBXFrameworksBuildPhase section */
		27E63DE81FFD0446007E3B2E /* Frameworks */ = {
			isa = PBXFrameworksBuildPhase;
			buildActionMask = 2147483647;
			files = (
			);
			runOnlyForDeploymentPostprocessing = 0;
		};
/* End PBXFrameworksBuildPhase section */

/* Begin PBXGroup section */
		27E63DE21FFD0446007E3B2E = {
			isa = PBXGroup;
			children = (
				27E63DED1FFD0446007E3B2E /* FunnyMath */,
				27E63DEC1FFD0446007E3B2E /* Products */,
			);
			sourceTree = "<group>";
		};
		27E63DEC1FFD0446007E3B2E /* Products */ = {
			isa = PBXGroup;
			children = (
				27E63DEB1FFD0446007E3B2E /* FunnyMath.app */,
			);
			name = Products;
			sourceTree = "<group>";
		};
		27E63DED1FFD0446007E3B2E /* FunnyMath */ = {
			isa = PBXGroup;
			children = (
				27E63E031FFD047B007E3B2E /* Resources */,
				27E63DEE1FFD0446007E3B2E /* AppDelegate.swift */,
				27E63DF01FFD0446007E3B2E /* ViewController.swift */,
				27E63DF21FFD0446007E3B2E /* Main.storyboard */,
				27E63DF81FFD0446007E3B2E /* Assets.xcassets */,
				27E63DFA1FFD0446007E3B2E /* LaunchScreen.storyboard */,
				27E63DFD1FFD0446007E3B2E /* Info.plist */,
				27E63DF51FFD0446007E3B2E /* FunnyMath.xcdatamodeld */,
			);
			path = FunnyMath;
			sourceTree = "<group>";
		};
		27E63E031FFD047B007E3B2E /* Resources */ = {
			isa = PBXGroup;
			children = (
				27E63E0C1FFD04B2007E3B2E /* background.jpg */,
				27E63E0A1FFD04B2007E3B2E /* board.png */,
				27E63E0B1FFD04B2007E3B2E /* note1.png */,
				27E63E0D1FFD04B2007E3B2E /* note2.png */,
				27E63E091FFD04B2007E3B2E /* note3.png */,
			);
			path = Resources;
			sourceTree = "<group>";
		};
/* End PBXGroup section */

/* Begin PBXNativeTarget section */
		27E63DEA1FFD0446007E3B2E /* FunnyMath */ = {
			isa = PBXNativeTarget;
			buildConfigurationList = 27E63E001FFD0446007E3B2E /* Build configuration list for PBXNativeTarget "FunnyMath" */;
			buildPhases = (
				27E63DE71FFD0446007E3B2E /* Sources */,
				27E63DE81FFD0446007E3B2E /* Frameworks */,
				27E63DE91FFD0446007E3B2E /* Resources */,
			);
			buildRules = (
			);
			dependencies = (
			);
			name = FunnyMath;
			productName = FunnyMath;
			productReference = 27E63DEB1FFD0446007E3B2E /* FunnyMath.app */;
			productType = "com.apple.product-type.application";
		};
/* End PBXNativeTarget section */

/* Begin PBXProject section */
		27E63DE31FFD0446007E3B2E /* Project object */ = {
			isa = PBXProject;
			attributes = {
				LastSwiftUpdateCheck = 0900;
				LastUpgradeCheck = 0900;
				ORGANIZATIONNAME = "Ngoc Tan";
				TargetAttributes = {
					27E63DEA1FFD0446007E3B2E = {
						CreatedOnToolsVersion = 9.0;
						ProvisioningStyle = Automatic;
					};
				};
			};
			buildConfigurationList = 27E63DE61FFD0446007E3B2E /* Build configuration list for PBXProject "FunnyMath" */;
			compatibilityVersion = "Xcode 8.0";
			developmentRegion = en;
			hasScannedForEncodings = 0;
			knownRegions = (
				en,
				Base,
			);
			mainGroup = 27E63DE21FFD0446007E3B2E;
			productRefGroup = 27E63DEC1FFD0446007E3B2E /* Products */;
			projectDirPath = "";
			projectRoot = "";
			targets = (
				27E63DEA1FFD0446007E3B2E /* FunnyMath */,
			);
		};
/* End PBXProject section */

/* Begin PBXResourcesBuildPhase section */
		27E63DE91FFD0446007E3B2E /* Resources */ = {
			isa = PBXResourcesBuildPhase;
			buildActionMask = 2147483647;
			files = (
				27E63DFC1FFD0446007E3B2E /* LaunchScreen.storyboard in Resources */,
				27E63E0E1FFD04B2007E3B2E /* note3.png in Resources */,
				27E63E111FFD04B2007E3B2E /* background.jpg in Resources */,
				27E63DF91FFD0446007E3B2E /* Assets.xcassets in Resources */,
				27E63E121FFD04B2007E3B2E /* note2.png in Resources */,
				27E63E101FFD04B2007E3B2E /* note1.png in Resources */,
				27E63E0F1FFD04B2007E3B2E /* board.png in Resources */,
				27E63DF41FFD0446007E3B2E /* Main.storyboard in Resources */,
			);
			runOnlyForDeploymentPostprocessing = 0;
		};
/* End PBXResourcesBuildPhase section */

/* Begin PBXSourcesBuildPhase section */
		27E63DE71FFD0446007E3B2E /* Sources */ = {
			isa = PBXSourcesBuildPhase;
			buildActionMask = 2147483647;
			files = (
				27E63DF11FFD0446007E3B2E /* ViewController.swift in Sources */,
				27E63DF71FFD0446007E3B2E /* FunnyMath.xcdatamodeld in Sources */,
				27E63DEF1FFD0446007E3B2E /* AppDelegate.swift in Sources */,
			);
			runOnlyForDeploymentPostprocessing = 0;
		};
/* End PBXSourcesBuildPhase section */

/* Begin PBXVariantGroup section */
		27E63DF21FFD0446007E3B2E /* Main.storyboard */ = {
			isa = PBXVariantGroup;
			children = (
				27E63DF31FFD0446007E3B2E /* Base */,
			);
			name = Main.storyboard;
			sourceTree = "<group>";
		};
		27E63DFA1FFD0446007E3B2E /* LaunchScreen.storyboard */ = {
			isa = PBXVariantGroup;
			children = (
				27E63DFB1FFD0446007E3B2E /* Base */,
			);
			name = LaunchScreen.storyboard;
			sourceTree = "<group>";
		};
/* End PBXVariantGroup section */

/* Begin XCBuildConfiguration section */
		27E63DFE1FFD0446007E3B2E /* Debug */ = {
			isa = XCBuildConfiguration;
			buildSettings = {
				ALWAYS_SEARCH_USER_PATHS = NO;
				CLANG_ANALYZER_NONNULL = YES;
				CLANG_ANALYZER_NUMBER_OBJECT_CONVERSION = YES_AGGRESSIVE;
				CLANG_CXX_LANGUAGE_STANDARD = "gnu++14";
				CLANG_CXX_LIBRARY = "libc++";
				CLANG_ENABLE_MODULES = YES;
				CLANG_ENABLE_OBJC_ARC = YES;
				CLANG_WARN_BLOCK_CAPTURE_AUTORELEASING = YES;
				CLANG_WARN_BOOL_CONVERSION = YES;
				CLANG_WARN_COMMA = YES;
				CLANG_WARN_CONSTANT_CONVERSION = YES;
				CLANG_WARN_DIRECT_OBJC_ISA_USAGE = YES_ERROR;
				CLANG_WARN_DOCUMENTATION_COMMENTS = YES;
				CLANG_WARN_EMPTY_BODY = YES;
				CLANG_WARN_ENUM_CONVERSION = YES;
				CLANG_WARN_INFINITE_RECURSION = YES;
				CLANG_WARN_INT_CONVERSION = YES;
				CLANG_WARN_NON_LITERAL_NULL_CONVERSION = YES;
				CLANG_WARN_OBJC_LITERAL_CONVERSION = YES;
				CLANG_WARN_OBJC_ROOT_CLASS = YES_ERROR;
				CLANG_WARN_RANGE_LOOP_ANALYSIS = YES;
				CLANG_WARN_STRICT_PROTOTYPES = YES;
				CLANG_WARN_SUSPICIOUS_MOVE = YES;
				CLANG_WARN_UNGUARDED_AVAILABILITY = YES_AGGRESSIVE;
				CLANG_WARN_UNREACHABLE_CODE = YES;
				CLANG_WARN__DUPLICATE_METHOD_MATCH = YES;
				CODE_SIGN_IDENTITY = "iPhone Developer";
				COPY_PHASE_STRIP = NO;
				DEBUG_INFORMATION_FORMAT = dwarf;
				ENABLE_STRICT_OBJC_MSGSEND = YES;
				ENABLE_TESTABILITY = YES;
				GCC_C_LANGUAGE_STANDARD = gnu11;
				GCC_DYNAMIC_NO_PIC = NO;
				GCC_NO_COMMON_BLOCKS = YES;
				GCC_OPTIMIZATION_LEVEL = 0;
				GCC_PREPROCESSOR_DEFINITIONS = (
					"DEBUG=1",
					"$(inherited)",
				);
				GCC_WARN_64_TO_32_BIT_CONVERSION = YES;
				GCC_WARN_ABOUT_RETURN_TYPE = YES_ERROR;
				GCC_WARN_UNDECLARED_SELECTOR = YES;
				GCC_WARN_UNINITIALIZED_AUTOS = YES_AGGRESSIVE;
				GCC_WARN_UNUSED_FUNCTION = YES;
				GCC_WARN_UNUSED_VARIABLE = YES;
				IPHONEOS_DEPLOYMENT_TARGET = 11.0;
				MTL_ENABLE_DEBUG_INFO = YES;
				ONLY_ACTIVE_ARCH = YES;
				SDKROOT = iphoneos;
				SWIFT_ACTIVE_COMPILATION_CONDITIONS = DEBUG;
				SWIFT_OPTIMIZATION_LEVEL = "-Onone";
			};
			name = Debug;
		};
		27E63DFF1FFD0446007E3B2E /* Release */ = {
			isa = XCBuildConfiguration;
			buildSettings = {
				ALWAYS_SEARCH_USER_PATHS = NO;
				CLANG_ANALYZER_NONNULL = YES;
				CLANG_ANALYZER_NUMBER_OBJECT_CONVERSION = YES_AGGRESSIVE;
				CLANG_CXX_LANGUAGE_STANDARD = "gnu++14";
				CLANG_CXX_LIBRARY = "libc++";
				CLANG_ENABLE_MODULES = YES;
				CLANG_ENABLE_OBJC_ARC = YES;
				CLANG_WARN_BLOCK_CAPTURE_AUTORELEASING = YES;
				CLANG_WARN_BOOL_CONVERSION = YES;
				CLANG_WARN_COMMA = YES;
				CLANG_WARN_CONSTANT_CONVERSION = YES;
				CLANG_WARN_DIRECT_OBJC_ISA_USAGE = YES_ERROR;
				CLANG_WARN_DOCUMENTATION_COMMENTS = YES;
				CLANG_WARN_EMPTY_BODY = YES;
				CLANG_WARN_ENUM_CONVERSION = YES;
				CLANG_WARN_INFINITE_RECURSION = YES;
				CLANG_WARN_INT_CONVERSION = YES;
				CLANG_WARN_NON_LITERAL_NULL_CONVERSION = YES;
				CLANG_WARN_OBJC_LITERAL_CONVERSION = YES;
				CLANG_WARN_OBJC_ROOT_CLASS = YES_ERROR;
				CLANG_WARN_RANGE_LOOP_ANALYSIS = YES;
				CLANG_WARN_STRICT_PROTOTYPES = YES;
				CLANG_WARN_SUSPICIOUS_MOVE = YES;
				CLANG_WARN_UNGUARDED_AVAILABILITY = YES_AGGRESSIVE;
				CLANG_WARN_UNREACHABLE_CODE = YES;
				CLANG_WARN__DUPLICATE_METHOD_MATCH = YES;
				CODE_SIGN_IDENTITY = "iPhone Developer";
				COPY_PHASE_STRIP = NO;
				DEBUG_INFORMATION_FORMAT = "dwarf-with-dsym";
				ENABLE_NS_ASSERTIONS = NO;
				ENABLE_STRICT_OBJC_MSGSEND = YES;
				GCC_C_LANGUAGE_STANDARD = gnu11;
				GCC_NO_COMMON_BLOCKS = YES;
				GCC_WARN_64_TO_32_BIT_CONVERSION = YES;
				GCC_WARN_ABOUT_RETURN_TYPE = YES_ERROR;
				GCC_WARN_UNDECLARED_SELECTOR = YES;
				GCC_WARN_UNINITIALIZED_AUTOS = YES_AGGRESSIVE;
				GCC_WARN_UNUSED_FUNCTION = YES;
				GCC_WARN_UNUSED_VARIABLE = YES;
				IPHONEOS_DEPLOYMENT_TARGET = 11.0;
				MTL_ENABLE_DEBUG_INFO = NO;
				SDKROOT = iphoneos;
				SWIFT_OPTIMIZATION_LEVEL = "-Owholemodule";
				VALIDATE_PRODUCT = YES;
			};
			name = Release;
		};
		27E63E011FFD0446007E3B2E /* Debug */ = {
			isa = XCBuildConfiguration;
			buildSettings = {
				ASSETCATALOG_COMPILER_APPICON_NAME = AppIcon;
				CODE_SIGN_STYLE = Automatic;
				DEVELOPMENT_TEAM = ZHSTX5Y556;
				INFOPLIST_FILE = FunnyMath/Info.plist;
				LD_RUNPATH_SEARCH_PATHS = "$(inherited) @executable_path/Frameworks";
				PRODUCT_BUNDLE_IDENTIFIER = project.FunnyMath;
				PRODUCT_NAME = "$(TARGET_NAME)";
				SWIFT_VERSION = 4.0;
				TARGETED_DEVICE_FAMILY = "1,2";
			};
			name = Debug;
		};
		27E63E021FFD0446007E3B2E /* Release */ = {
			isa = XCBuildConfiguration;
			buildSettings = {
				ASSETCATALOG_COMPILER_APPICON_NAME = AppIcon;
				CODE_SIGN_STYLE = Automatic;
				DEVELOPMENT_TEAM = ZHSTX5Y556;
				INFOPLIST_FILE = FunnyMath/Info.plist;
				LD_RUNPATH_SEARCH_PATHS = "$(inherited) @executable_path/Frameworks";
				PRODUCT_BUNDLE_IDENTIFIER = project.FunnyMath;
				PRODUCT_NAME = "$(TARGET_NAME)";
				SWIFT_VERSION = 4.0;
				TARGETED_DEVICE_FAMILY = "1,2";
			};
			name = Release;
		};
/* End XCBuildConfiguration section */

/* Begin XCConfigurationList section */
		27E63DE61FFD0446007E3B2E /* Build configuration list for PBXProject "FunnyMath" */ = {
			isa = XCConfigurationList;
			buildConfigurations = (
				27E63DFE1FFD0446007E3B2E /* Debug */,
				27E63DFF1FFD0446007E3B2E /* Release */,
			);
			defaultConfigurationIsVisible = 0;
			defaultConfigurationName = Release;
		};
		27E63E001FFD0446007E3B2E /* Build configuration list for PBXNativeTarget "FunnyMath" */ = {
			isa = XCConfigurationList;
			buildConfigurations = (
				27E63E011FFD0446007E3B2E /* Debug */,
				27E63E021FFD0446007E3B2E /* Release */,
			);
			defaultConfigurationIsVisible = 0;
			defaultConfigurationName = Release;
		};
/* End XCConfigurationList section */

/* Begin XCVersionGroup section */
		27E63DF51FFD0446007E3B2E /* FunnyMath.xcdatamodeld */ = {
			isa = XCVersionGroup;
			children = (
				27E63DF61FFD0446007E3B2E /* FunnyMath.xcdatamodel */,
			);
			currentVersion = 27E63DF61FFD0446007E3B2E /* FunnyMath.xcdatamodel */;
			path = FunnyMath.xcdatamodeld;
			sourceTree = "<group>";
			versionGroupType = wrapper.xcdatamodel;
		};
/* End XCVersionGroup section */
	};
	rootObject = 27E63DE31FFD0446007E3B2E /* Project object */;
}
